// !$*UTF8*$!
{
	archiveVersion = 1;
	classes = {
	};
	objectVersion = 55;
	objects = {

/* Begin PBXBuildFile section */
		004FCA472770E7B5007AAAFF /* AppDelegate.swift in Sources */ = {isa = PBXBuildFile; fileRef = 004FCA462770E7B5007AAAFF /* AppDelegate.swift */; };
		004FCA492770E7B5007AAAFF /* SceneDelegate.swift in Sources */ = {isa = PBXBuildFile; fileRef = 004FCA482770E7B5007AAAFF /* SceneDelegate.swift */; };
		004FCA502770E7B6007AAAFF /* Assets.xcassets in Resources */ = {isa = PBXBuildFile; fileRef = 004FCA4F2770E7B6007AAAFF /* Assets.xcassets */; };
		004FCA532770E7B6007AAAFF /* LaunchScreen.storyboard in Resources */ = {isa = PBXBuildFile; fileRef = 004FCA512770E7B6007AAAFF /* LaunchScreen.storyboard */; };
		004FCA622770EEEC007AAAFF /* SnapKit in Frameworks */ = {isa = PBXBuildFile; productRef = 004FCA612770EEEC007AAAFF /* SnapKit */; };
		004FCA692770F371007AAAFF /* movies.json in Resources */ = {isa = PBXBuildFile; fileRef = 004FCA682770F371007AAAFF /* movies.json */; };
		004FCA6C2770F3A0007AAAFF /* MovieListViewController.swift in Sources */ = {isa = PBXBuildFile; fileRef = 004FCA6B2770F3A0007AAAFF /* MovieListViewController.swift */; };
		004FCA6E2770F3C4007AAAFF /* MovieListViewModel.swift in Sources */ = {isa = PBXBuildFile; fileRef = 004FCA6D2770F3C4007AAAFF /* MovieListViewModel.swift */; };
		004FCA722770F450007AAAFF /* Movie.swift in Sources */ = {isa = PBXBuildFile; fileRef = 004FCA712770F450007AAAFF /* Movie.swift */; };
		004FCA742770FC0D007AAAFF /* MovieListTableViewCell.swift in Sources */ = {isa = PBXBuildFile; fileRef = 004FCA732770FC0D007AAAFF /* MovieListTableViewCell.swift */; };
		004FCA792770FF74007AAAFF /* Kingfisher in Frameworks */ = {isa = PBXBuildFile; productRef = 004FCA782770FF74007AAAFF /* Kingfisher */; };
		004FCA7C27710F65007AAAFF /* Constant.swift in Sources */ = {isa = PBXBuildFile; fileRef = 004FCA7B27710F65007AAAFF /* Constant.swift */; };
		004FCA7F27710F89007AAAFF /* NetworkConstant.swift in Sources */ = {isa = PBXBuildFile; fileRef = 004FCA7E27710F89007AAAFF /* NetworkConstant.swift */; };
/* End PBXBuildFile section */

/* Begin PBXFileReference section */
		004FCA432770E7B5007AAAFF /* DynamicTableViewCell.app */ = {isa = PBXFileReference; explicitFileType = wrapper.application; includeInIndex = 0; path = DynamicTableViewCell.app; sourceTree = BUILT_PRODUCTS_DIR; };
		004FCA462770E7B5007AAAFF /* AppDelegate.swift */ = {isa = PBXFileReference; lastKnownFileType = sourcecode.swift; path = AppDelegate.swift; sourceTree = "<group>"; };
		004FCA482770E7B5007AAAFF /* SceneDelegate.swift */ = {isa = PBXFileReference; lastKnownFileType = sourcecode.swift; path = SceneDelegate.swift; sourceTree = "<group>"; };
		004FCA4F2770E7B6007AAAFF /* Assets.xcassets */ = {isa = PBXFileReference; lastKnownFileType = folder.assetcatalog; path = Assets.xcassets; sourceTree = "<group>"; };
		004FCA522770E7B6007AAAFF /* Base */ = {isa = PBXFileReference; lastKnownFileType = file.storyboard; name = Base; path = Base.lproj/LaunchScreen.storyboard; sourceTree = "<group>"; };
		004FCA542770E7B6007AAAFF /* Info.plist */ = {isa = PBXFileReference; lastKnownFileType = text.plist.xml; path = Info.plist; sourceTree = "<group>"; };
		004FCA682770F371007AAAFF /* movies.json */ = {isa = PBXFileReference; lastKnownFileType = text.json; path = movies.json; sourceTree = "<group>"; };
		004FCA6B2770F3A0007AAAFF /* MovieListViewController.swift */ = {isa = PBXFileReference; lastKnownFileType = sourcecode.swift; path = MovieListViewController.swift; sourceTree = "<group>"; };
		004FCA6D2770F3C4007AAAFF /* MovieListViewModel.swift */ = {isa = PBXFileReference; lastKnownFileType = sourcecode.swift; path = MovieListViewModel.swift; sourceTree = "<group>"; };
		004FCA712770F450007AAAFF /* Movie.swift */ = {isa = PBXFileReference; lastKnownFileType = sourcecode.swift; path = Movie.swift; sourceTree = "<group>"; };
		004FCA732770FC0D007AAAFF /* MovieListTableViewCell.swift */ = {isa = PBXFileReference; lastKnownFileType = sourcecode.swift; path = MovieListTableViewCell.swift; sourceTree = "<group>"; };
		004FCA7B27710F65007AAAFF /* Constant.swift */ = {isa = PBXFileReference; lastKnownFileType = sourcecode.swift; path = Constant.swift; sourceTree = "<group>"; };
		004FCA7E27710F89007AAAFF /* NetworkConstant.swift */ = {isa = PBXFileReference; lastKnownFileType = sourcecode.swift; path = NetworkConstant.swift; sourceTree = "<group>"; };
/* End PBXFileReference section */

/* Begin PBXFrameworksBuildPhase section */
		004FCA402770E7B5007AAAFF /* Frameworks */ = {
			isa = PBXFrameworksBuildPhase;
			buildActionMask = 2147483647;
			files = (
				004FCA792770FF74007AAAFF /* Kingfisher in Frameworks */,
				004FCA622770EEEC007AAAFF /* SnapKit in Frameworks */,
			);
			runOnlyForDeploymentPostprocessing = 0;
		};
/* End PBXFrameworksBuildPhase section */

/* Begin PBXGroup section */
		004FCA3A2770E7B5007AAAFF = {
			isa = PBXGroup;
			children = (
				004FCA452770E7B5007AAAFF /* DynamicTableViewCell */,
				004FCA442770E7B5007AAAFF /* Products */,
			);
			sourceTree = "<group>";
		};
		004FCA442770E7B5007AAAFF /* Products */ = {
			isa = PBXGroup;
			children = (
				004FCA432770E7B5007AAAFF /* DynamicTableViewCell.app */,
			);
			name = Products;
			sourceTree = "<group>";
		};
		004FCA452770E7B5007AAAFF /* DynamicTableViewCell */ = {
			isa = PBXGroup;
			children = (
				004FCA682770F371007AAAFF /* movies.json */,
				004FCA5F2770EB47007AAAFF /* App */,
				004FCA5E2770EB3F007AAAFF /* Constants */,
				004FCA5D2770EB34007AAAFF /* Extensions */,
				004FCA5C2770EB2E007AAAFF /* Network */,
				004FCA5B2770EB28007AAAFF /* Resources */,
				004FCA5A2770EB1D007AAAFF /* Screens */,
				004FCA4F2770E7B6007AAAFF /* Assets.xcassets */,
				004FCA512770E7B6007AAAFF /* LaunchScreen.storyboard */,
			);
			path = DynamicTableViewCell;
			sourceTree = "<group>";
		};
		004FCA5A2770EB1D007AAAFF /* Screens */ = {
			isa = PBXGroup;
			children = (
				004FCA6A2770F383007AAAFF /* MovieList */,
			);
			path = Screens;
			sourceTree = "<group>";
		};
		004FCA5B2770EB28007AAAFF /* Resources */ = {
			isa = PBXGroup;
			children = (
			);
			path = Resources;
			sourceTree = "<group>";
		};
		004FCA5C2770EB2E007AAAFF /* Network */ = {
			isa = PBXGroup;
			children = (
				004FCA6F2770F43E007AAAFF /* Model */,
				004FCA672770F355007AAAFF /* MockData */,
			);
			path = Network;
			sourceTree = "<group>";
		};
		004FCA5D2770EB34007AAAFF /* Extensions */ = {
			isa = PBXGroup;
			children = (
			);
			path = Extensions;
			sourceTree = "<group>";
		};
		004FCA5E2770EB3F007AAAFF /* Constants */ = {
			isa = PBXGroup;
			children = (
				004FCA7D27710F72007AAAFF /* NetworkConstant */,
				004FCA7B27710F65007AAAFF /* Constant.swift */,
			);
			path = Constants;
			sourceTree = "<group>";
		};
		004FCA5F2770EB47007AAAFF /* App */ = {
			isa = PBXGroup;
			children = (
				004FCA462770E7B5007AAAFF /* AppDelegate.swift */,
				004FCA482770E7B5007AAAFF /* SceneDelegate.swift */,
				004FCA542770E7B6007AAAFF /* Info.plist */,
			);
			path = App;
			sourceTree = "<group>";
		};
		004FCA672770F355007AAAFF /* MockData */ = {
			isa = PBXGroup;
			children = (
			);
			path = MockData;
			sourceTree = "<group>";
		};
		004FCA6A2770F383007AAAFF /* MovieList */ = {
			isa = PBXGroup;
			children = (
				004FCA6B2770F3A0007AAAFF /* MovieListViewController.swift */,
				004FCA6D2770F3C4007AAAFF /* MovieListViewModel.swift */,
				004FCA732770FC0D007AAAFF /* MovieListTableViewCell.swift */,
			);
			path = MovieList;
			sourceTree = "<group>";
		};
		004FCA6F2770F43E007AAAFF /* Model */ = {
			isa = PBXGroup;
			children = (
				004FCA712770F450007AAAFF /* Movie.swift */,
			);
			path = Model;
			sourceTree = "<group>";
		};
		004FCA7D27710F72007AAAFF /* NetworkConstant */ = {
			isa = PBXGroup;
			children = (
				004FCA7E27710F89007AAAFF /* NetworkConstant.swift */,
			);
			path = NetworkConstant;
			sourceTree = "<group>";
		};
/* End PBXGroup section */

/* Begin PBXNativeTarget section */
		004FCA422770E7B5007AAAFF /* DynamicTableViewCell */ = {
			isa = PBXNativeTarget;
			buildConfigurationList = 004FCA572770E7B6007AAAFF /* Build configuration list for PBXNativeTarget "DynamicTableViewCell" */;
			buildPhases = (
				004FCA3F2770E7B5007AAAFF /* Sources */,
				004FCA402770E7B5007AAAFF /* Frameworks */,
				004FCA412770E7B5007AAAFF /* Resources */,
			);
			buildRules = (
			);
			dependencies = (
			);
			name = DynamicTableViewCell;
			packageProductDependencies = (
				004FCA612770EEEC007AAAFF /* SnapKit */,
				004FCA782770FF74007AAAFF /* Kingfisher */,
			);
			productName = DynamicTableViewCell;
			productReference = 004FCA432770E7B5007AAAFF /* DynamicTableViewCell.app */;
			productType = "com.apple.product-type.application";
		};
/* End PBXNativeTarget section */

/* Begin PBXProject section */
		004FCA3B2770E7B5007AAAFF /* Project object */ = {
			isa = PBXProject;
			attributes = {
				BuildIndependentTargetsInParallel = 1;
				LastSwiftUpdateCheck = 1310;
				LastUpgradeCheck = 1310;
				TargetAttributes = {
					004FCA422770E7B5007AAAFF = {
						CreatedOnToolsVersion = 13.1;
					};
				};
			};
			buildConfigurationList = 004FCA3E2770E7B5007AAAFF /* Build configuration list for PBXProject "DynamicTableViewCell" */;
			compatibilityVersion = "Xcode 13.0";
			developmentRegion = en;
			hasScannedForEncodings = 0;
			knownRegions = (
				en,
				Base,
			);
			mainGroup = 004FCA3A2770E7B5007AAAFF;
			packageReferences = (
				004FCA602770EEEC007AAAFF /* XCRemoteSwiftPackageReference "SnapKit" */,
				004FCA772770FF74007AAAFF /* XCRemoteSwiftPackageReference "Kingfisher" */,
			);
			productRefGroup = 004FCA442770E7B5007AAAFF /* Products */;
			projectDirPath = "";
			projectRoot = "";
			targets = (
				004FCA422770E7B5007AAAFF /* DynamicTableViewCell */,
			);
		};
/* End PBXProject section */

/* Begin PBXResourcesBuildPhase section */
		004FCA412770E7B5007AAAFF /* Resources */ = {
			isa = PBXResourcesBuildPhase;
			buildActionMask = 2147483647;
			files = (
				004FCA692770F371007AAAFF /* movies.json in Resources */,
				004FCA532770E7B6007AAAFF /* LaunchScreen.storyboard in Resources */,
				004FCA502770E7B6007AAAFF /* Assets.xcassets in Resources */,
			);
			runOnlyForDeploymentPostprocessing = 0;
		};
/* End PBXResourcesBuildPhase section */

/* Begin PBXSourcesBuildPhase section */
		004FCA3F2770E7B5007AAAFF /* Sources */ = {
			isa = PBXSourcesBuildPhase;
			buildActionMask = 2147483647;
			files = (
				004FCA7C27710F65007AAAFF /* Constant.swift in Sources */,
				004FCA472770E7B5007AAAFF /* AppDelegate.swift in Sources */,
				004FCA722770F450007AAAFF /* Movie.swift in Sources */,
				004FCA492770E7B5007AAAFF /* SceneDelegate.swift in Sources */,
				004FCA7F27710F89007AAAFF /* NetworkConstant.swift in Sources */,
				004FCA6C2770F3A0007AAAFF /* MovieListViewController.swift in Sources */,
				004FCA742770FC0D007AAAFF /* MovieListTableViewCell.swift in Sources */,
				004FCA6E2770F3C4007AAAFF /* MovieListViewModel.swift in Sources */,
			);
			runOnlyForDeploymentPostprocessing = 0;
		};
/* End PBXSourcesBuildPhase section */

/* Begin PBXVariantGroup section */
		004FCA512770E7B6007AAAFF /* LaunchScreen.storyboard */ = {
			isa = PBXVariantGroup;
			children = (
				004FCA522770E7B6007AAAFF /* Base */,
			);
			name = LaunchScreen.storyboard;
			sourceTree = "<group>";
		};
/* End PBXVariantGroup section */

/* Begin XCBuildConfiguration section */
		004FCA552770E7B6007AAAFF /* Debug */ = {
			isa = XCBuildConfiguration;
			buildSettings = {
				ALWAYS_SEARCH_USER_PATHS = NO;
				CLANG_ANALYZER_NONNULL = YES;
				CLANG_ANALYZER_NUMBER_OBJECT_CONVERSION = YES_AGGRESSIVE;
				CLANG_CXX_LANGUAGE_STANDARD = "gnu++17";
				CLANG_CXX_LIBRARY = "libc++";
				CLANG_ENABLE_MODULES = YES;
				CLANG_ENABLE_OBJC_ARC = YES;
				CLANG_ENABLE_OBJC_WEAK = YES;
				CLANG_WARN_BLOCK_CAPTURE_AUTORELEASING = YES;
				CLANG_WARN_BOOL_CONVERSION = YES;
				CLANG_WARN_COMMA = YES;
				CLANG_WARN_CONSTANT_CONVERSION = YES;
				CLANG_WARN_DEPRECATED_OBJC_IMPLEMENTATIONS = YES;
				CLANG_WARN_DIRECT_OBJC_ISA_USAGE = YES_ERROR;
				CLANG_WARN_DOCUMENTATION_COMMENTS = YES;
				CLANG_WARN_EMPTY_BODY = YES;
				CLANG_WARN_ENUM_CONVERSION = YES;
				CLANG_WARN_INFINITE_RECURSION = YES;
				CLANG_WARN_INT_CONVERSION = YES;
				CLANG_WARN_NON_LITERAL_NULL_CONVERSION = YES;
				CLANG_WARN_OBJC_IMPLICIT_RETAIN_SELF = YES;
				CLANG_WARN_OBJC_LITERAL_CONVERSION = YES;
				CLANG_WARN_OBJC_ROOT_CLASS = YES_ERROR;
				CLANG_WARN_QUOTED_INCLUDE_IN_FRAMEWORK_HEADER = YES;
				CLANG_WARN_RANGE_LOOP_ANALYSIS = YES;
				CLANG_WARN_STRICT_PROTOTYPES = YES;
				CLANG_WARN_SUSPICIOUS_MOVE = YES;
				CLANG_WARN_UNGUARDED_AVAILABILITY = YES_AGGRESSIVE;
				CLANG_WARN_UNREACHABLE_CODE = YES;
				CLANG_WARN__DUPLICATE_METHOD_MATCH = YES;
				COPY_PHASE_STRIP = NO;
				DEBUG_INFORMATION_FORMAT = dwarf;
				ENABLE_STRICT_OBJC_MSGSEND = YES;
				ENABLE_TESTABILITY = YES;
				GCC_C_LANGUAGE_STANDARD = gnu11;
				GCC_DYNAMIC_NO_PIC = NO;
				GCC_NO_COMMON_BLOCKS = YES;
				GCC_OPTIMIZATION_LEVEL = 0;
				GCC_PREPROCESSOR_DEFINITIONS = (
					"DEBUG=1",
					"$(inherited)",
				);
				GCC_WARN_64_TO_32_BIT_CONVERSION = YES;
				GCC_WARN_ABOUT_RETURN_TYPE = YES_ERROR;
				GCC_WARN_UNDECLARED_SELECTOR = YES;
				GCC_WARN_UNINITIALIZED_AUTOS = YES_AGGRESSIVE;
				GCC_WARN_UNUSED_FUNCTION = YES;
				GCC_WARN_UNUSED_VARIABLE = YES;
				IPHONEOS_DEPLOYMENT_TARGET = 15.0;
				MTL_ENABLE_DEBUG_INFO = INCLUDE_SOURCE;
				MTL_FAST_MATH = YES;
				ONLY_ACTIVE_ARCH = YES;
				SDKROOT = iphoneos;
				SWIFT_ACTIVE_COMPILATION_CONDITIONS = DEBUG;
				SWIFT_OPTIMIZATION_LEVEL = "-Onone";
			};
			name = Debug;
		};
		004FCA562770E7B6007AAAFF /* Release */ = {
			isa = XCBuildConfiguration;
			buildSettings = {
				ALWAYS_SEARCH_USER_PATHS = NO;
				CLANG_ANALYZER_NONNULL = YES;
				CLANG_ANALYZER_NUMBER_OBJECT_CONVERSION = YES_AGGRESSIVE;
				CLANG_CXX_LANGUAGE_STANDARD = "gnu++17";
				CLANG_CXX_LIBRARY = "libc++";
				CLANG_ENABLE_MODULES = YES;
				CLANG_ENABLE_OBJC_ARC = YES;
				CLANG_ENABLE_OBJC_WEAK = YES;
				CLANG_WARN_BLOCK_CAPTURE_AUTORELEASING = YES;
				CLANG_WARN_BOOL_CONVERSION = YES;
				CLANG_WARN_COMMA = YES;
				CLANG_WARN_CONSTANT_CONVERSION = YES;
				CLANG_WARN_DEPRECATED_OBJC_IMPLEMENTATIONS = YES;
				CLANG_WARN_DIRECT_OBJC_ISA_USAGE = YES_ERROR;
				CLANG_WARN_DOCUMENTATION_COMMENTS = YES;
				CLANG_WARN_EMPTY_BODY = YES;
				CLANG_WARN_ENUM_CONVERSION = YES;
				CLANG_WARN_INFINITE_RECURSION = YES;
				CLANG_WARN_INT_CONVERSION = YES;
				CLANG_WARN_NON_LITERAL_NULL_CONVERSION = YES;
				CLANG_WARN_OBJC_IMPLICIT_RETAIN_SELF = YES;
				CLANG_WARN_OBJC_LITERAL_CONVERSION = YES;
				CLANG_WARN_OBJC_ROOT_CLASS = YES_ERROR;
				CLANG_WARN_QUOTED_INCLUDE_IN_FRAMEWORK_HEADER = YES;
				CLANG_WARN_RANGE_LOOP_ANALYSIS = YES;
				CLANG_WARN_STRICT_PROTOTYPES = YES;
				CLANG_WARN_SUSPICIOUS_MOVE = YES;
				CLANG_WARN_UNGUARDED_AVAILABILITY = YES_AGGRESSIVE;
				CLANG_WARN_UNREACHABLE_CODE = YES;
				CLANG_WARN__DUPLICATE_METHOD_MATCH = YES;
				COPY_PHASE_STRIP = NO;
				DEBUG_INFORMATION_FORMAT = "dwarf-with-dsym";
				ENABLE_NS_ASSERTIONS = NO;
				ENABLE_STRICT_OBJC_MSGSEND = YES;
				GCC_C_LANGUAGE_STANDARD = gnu11;
				GCC_NO_COMMON_BLOCKS = YES;
				GCC_WARN_64_TO_32_BIT_CONVERSION = YES;
				GCC_WARN_ABOUT_RETURN_TYPE = YES_ERROR;
				GCC_WARN_UNDECLARED_SELECTOR = YES;
				GCC_WARN_UNINITIALIZED_AUTOS = YES_AGGRESSIVE;
				GCC_WARN_UNUSED_FUNCTION = YES;
				GCC_WARN_UNUSED_VARIABLE = YES;
				IPHONEOS_DEPLOYMENT_TARGET = 15.0;
				MTL_ENABLE_DEBUG_INFO = NO;
				MTL_FAST_MATH = YES;
				SDKROOT = iphoneos;
				SWIFT_COMPILATION_MODE = wholemodule;
				SWIFT_OPTIMIZATION_LEVEL = "-O";
				VALIDATE_PRODUCT = YES;
			};
			name = Release;
		};
		004FCA582770E7B6007AAAFF /* Debug */ = {
			isa = XCBuildConfiguration;
			buildSettings = {
				ASSETCATALOG_COMPILER_APPICON_NAME = AppIcon;
				ASSETCATALOG_COMPILER_GLOBAL_ACCENT_COLOR_NAME = AccentColor;
				CODE_SIGN_STYLE = Automatic;
				CURRENT_PROJECT_VERSION = 1;
				DEVELOPMENT_TEAM = D4T62J4499;
				GENERATE_INFOPLIST_FILE = YES;
				INFOPLIST_FILE = DynamicTableViewCell/App/Info.plist;
				INFOPLIST_KEY_UIApplicationSupportsIndirectInputEvents = YES;
				INFOPLIST_KEY_UILaunchStoryboardName = LaunchScreen;
				INFOPLIST_KEY_UISupportedInterfaceOrientations_iPad = "UIInterfaceOrientationPortrait UIInterfaceOrientationPortraitUpsideDown UIInterfaceOrientationLandscapeLeft UIInterfaceOrientationLandscapeRight";
				INFOPLIST_KEY_UISupportedInterfaceOrientations_iPhone = "UIInterfaceOrientationPortrait UIInterfaceOrientationLandscapeLeft UIInterfaceOrientationLandscapeRight";
				LD_RUNPATH_SEARCH_PATHS = (
					"$(inherited)",
					"@executable_path/Frameworks",
				);
				MARKETING_VERSION = 1.0;
				PRODUCT_BUNDLE_IDENTIFIER = com.mct.DynamicTableViewCell;
				PRODUCT_NAME = "$(TARGET_NAME)";
				SWIFT_EMIT_LOC_STRINGS = YES;
				SWIFT_VERSION = 5.0;
				TARGETED_DEVICE_FAMILY = 1;
			};
			name = Debug;
		};
		004FCA592770E7B6007AAAFF /* Release */ = {
			isa = XCBuildConfiguration;
			buildSettings = {
				ASSETCATALOG_COMPILER_APPICON_NAME = AppIcon;
				ASSETCATALOG_COMPILER_GLOBAL_ACCENT_COLOR_NAME = AccentColor;
				CODE_SIGN_STYLE = Automatic;
				CURRENT_PROJECT_VERSION = 1;
				DEVELOPMENT_TEAM = D4T62J4499;
				GENERATE_INFOPLIST_FILE = YES;
				INFOPLIST_FILE = DynamicTableViewCell/App/Info.plist;
				INFOPLIST_KEY_UIApplicationSupportsIndirectInputEvents = YES;
				INFOPLIST_KEY_UILaunchStoryboardName = LaunchScreen;
				INFOPLIST_KEY_UISupportedInterfaceOrientations_iPad = "UIInterfaceOrientationPortrait UIInterfaceOrientationPortraitUpsideDown UIInterfaceOrientationLandscapeLeft UIInterfaceOrientationLandscapeRight";
				INFOPLIST_KEY_UISupportedInterfaceOrientations_iPhone = "UIInterfaceOrientationPortrait UIInterfaceOrientationLandscapeLeft UIInterfaceOrientationLandscapeRight";
				LD_RUNPATH_SEARCH_PATHS = (
					"$(inherited)",
					"@executable_path/Frameworks",
				);
				MARKETING_VERSION = 1.0;
				PRODUCT_BUNDLE_IDENTIFIER = com.mct.DynamicTableViewCell;
				PRODUCT_NAME = "$(TARGET_NAME)";
				SWIFT_EMIT_LOC_STRINGS = YES;
				SWIFT_VERSION = 5.0;
				TARGETED_DEVICE_FAMILY = 1;
			};
			name = Release;
		};
/* End XCBuildConfiguration section */

/* Begin XCConfigurationList section */
		004FCA3E2770E7B5007AAAFF /* Build configuration list for PBXProject "DynamicTableViewCell" */ = {
			isa = XCConfigurationList;
			buildConfigurations = (
				004FCA552770E7B6007AAAFF /* Debug */,
				004FCA562770E7B6007AAAFF /* Release */,
			);
			defaultConfigurationIsVisible = 0;
			defaultConfigurationName = Release;
		};
		004FCA572770E7B6007AAAFF /* Build configuration list for PBXNativeTarget "DynamicTableViewCell" */ = {
			isa = XCConfigurationList;
			buildConfigurations = (
				004FCA582770E7B6007AAAFF /* Debug */,
				004FCA592770E7B6007AAAFF /* Release */,
			);
			defaultConfigurationIsVisible = 0;
			defaultConfigurationName = Release;
		};
/* End XCConfigurationList section */

/* Begin XCRemoteSwiftPackageReference section */
		004FCA602770EEEC007AAAFF /* XCRemoteSwiftPackageReference "SnapKit" */ = {
			isa = XCRemoteSwiftPackageReference;
			repositoryURL = "https://github.com/SnapKit/SnapKit.git";
			requirement = {
				kind = upToNextMajorVersion;
				minimumVersion = 5.0.0;
			};
		};
		004FCA772770FF74007AAAFF /* XCRemoteSwiftPackageReference "Kingfisher" */ = {
			isa = XCRemoteSwiftPackageReference;
			repositoryURL = "https://github.com/onevcat/Kingfisher.git";
			requirement = {
				kind = upToNextMajorVersion;
				minimumVersion = 7.0.0;
			};
		};
/* End XCRemoteSwiftPackageReference section */

/* Begin XCSwiftPackageProductDependency section */
		004FCA612770EEEC007AAAFF /* SnapKit */ = {
			isa = XCSwiftPackageProductDependency;
			package = 004FCA602770EEEC007AAAFF /* XCRemoteSwiftPackageReference "SnapKit" */;
			productName = SnapKit;
		};
		004FCA782770FF74007AAAFF /* Kingfisher */ = {
			isa = XCSwiftPackageProductDependency;
			package = 004FCA772770FF74007AAAFF /* XCRemoteSwiftPackageReference "Kingfisher" */;
			productName = Kingfisher;
		};
/* End XCSwiftPackageProductDependency section */
	};
	rootObject = 004FCA3B2770E7B5007AAAFF /* Project object */;
}
